
Microsoft Visual Studio Solution File, Format Version 12.00
# Visual Studio 2013
VisualStudioVersion = 12.0.31101.0
MinimumVisualStudioVersion = 10.0.40219.1
Project("{FAE04EC0-301F-11D3-BF4B-00C04F79EFBC}") = "Itaucripto-NET", "Itaucripto-NET.csproj", "{147E28D7-0B89-48A5-B7F4-EFE0CC18A301}"
EndProject
Global
	GlobalSection(SolutionConfigurationPlatforms) = preSolution
		Debug|Any CPU = Debug|Any CPU
		Release|Any CPU = Release|Any CPU
	EndGlobalSection
	GlobalSection(ProjectConfigurationPlatforms) = postSolution
		{147E28D7-0B89-48A5-B7F4-EFE0CC18A301}.Debug|Any CPU.ActiveCfg = Debug|Any CPU
		{147E28D7-0B89-48A5-B7F4-EFE0CC18A301}.Debug|Any CPU.Build.0 = Debug|Any CPU
		{147E28D7-0B89-48A5-B7F4-EFE0CC18A301}.Release|Any CPU.ActiveCfg = Release|Any CPU
		{147E28D7-0B89-48A5-B7F4-EFE0CC18A301}.Release|Any CPU.Build.0 = Release|Any CPU
	EndGlobalSection
	GlobalSection(SolutionProperties) = preSolution
		HideSolutionNode = FALSE
	EndGlobalSection
EndGlobal
